// !$*UTF8*$!
{
	archiveVersion = 1;
	classes = {
	};
	objectVersion = 46;
	objects = {

/* Begin PBXBuildFile section */
		8A54FC0A1A50560D007C02AC /* AppDelegate.swift in Sources */ = {isa = PBXBuildFile; fileRef = 8A54FC091A50560D007C02AC /* AppDelegate.swift */; };
		8A54FC0C1A50560D007C02AC /* ViewController.swift in Sources */ = {isa = PBXBuildFile; fileRef = 8A54FC0B1A50560D007C02AC /* ViewController.swift */; };
		8A54FC0F1A50560D007C02AC /* Main.storyboard in Resources */ = {isa = PBXBuildFile; fileRef = 8A54FC0D1A50560D007C02AC /* Main.storyboard */; };
		8A54FC111A50560D007C02AC /* Images.xcassets in Resources */ = {isa = PBXBuildFile; fileRef = 8A54FC101A50560D007C02AC /* Images.xcassets */; };
		8A54FC141A50560D007C02AC /* LaunchScreen.xib in Resources */ = {isa = PBXBuildFile; fileRef = 8A54FC121A50560D007C02AC /* LaunchScreen.xib */; };
		8A54FC201A50560D007C02AC /* Project3Tests.swift in Sources */ = {isa = PBXBuildFile; fileRef = 8A54FC1F1A50560D007C02AC /* Project3Tests.swift */; };
/* End PBXBuildFile section */

/* Begin PBXContainerItemProxy section */
		8A54FC1A1A50560D007C02AC /* PBXContainerItemProxy */ = {
			isa = PBXContainerItemProxy;
			containerPortal = 8A54FBFC1A50560D007C02AC /* Project object */;
			proxyType = 1;
			remoteGlobalIDString = 8A54FC031A50560D007C02AC;
			remoteInfo = Project3;
		};
/* End PBXContainerItemProxy section */

/* Begin PBXFileReference section */
		8A54FC041A50560D007C02AC /* Project3.app */ = {isa = PBXFileReference; explicitFileType = wrapper.application; includeInIndex = 0; path = Project3.app; sourceTree = BUILT_PRODUCTS_DIR; };
		8A54FC081A50560D007C02AC /* Info.plist */ = {isa = PBXFileReference; lastKnownFileType = text.plist.xml; path = Info.plist; sourceTree = "<group>"; };
		8A54FC091A50560D007C02AC /* AppDelegate.swift */ = {isa = PBXFileReference; lastKnownFileType = sourcecode.swift; path = AppDelegate.swift; sourceTree = "<group>"; };
		8A54FC0B1A50560D007C02AC /* ViewController.swift */ = {isa = PBXFileReference; lastKnownFileType = sourcecode.swift; path = ViewController.swift; sourceTree = "<group>"; };
		8A54FC0E1A50560D007C02AC /* Base */ = {isa = PBXFileReference; lastKnownFileType = file.storyboard; name = Base; path = Base.lproj/Main.storyboard; sourceTree = "<group>"; };
		8A54FC101A50560D007C02AC /* Images.xcassets */ = {isa = PBXFileReference; lastKnownFileType = folder.assetcatalog; path = Images.xcassets; sourceTree = "<group>"; };
		8A54FC131A50560D007C02AC /* Base */ = {isa = PBXFileReference; lastKnownFileType = file.xib; name = Base; path = Base.lproj/LaunchScreen.xib; sourceTree = "<group>"; };
		8A54FC191A50560D007C02AC /* Project3Tests.xctest */ = {isa = PBXFileReference; explicitFileType = wrapper.cfbundle; includeInIndex = 0; path = Project3Tests.xctest; sourceTree = BUILT_PRODUCTS_DIR; };
		8A54FC1E1A50560D007C02AC /* Info.plist */ = {isa = PBXFileReference; lastKnownFileType = text.plist.xml; path = Info.plist; sourceTree = "<group>"; };
		8A54FC1F1A50560D007C02AC /* Project3Tests.swift */ = {isa = PBXFileReference; lastKnownFileType = sourcecode.swift; path = Project3Tests.swift; sourceTree = "<group>"; };
/* End PBXFileReference section */

/* Begin PBXFrameworksBuildPhase section */
		8A54FC011A50560D007C02AC /* Frameworks */ = {
			isa = PBXFrameworksBuildPhase;
			buildActionMask = 2147483647;
			files = (
			);
			runOnlyForDeploymentPostprocessing = 0;
		};
		8A54FC161A50560D007C02AC /* Frameworks */ = {
			isa = PBXFrameworksBuildPhase;
			buildActionMask = 2147483647;
			files = (
			);
			runOnlyForDeploymentPostprocessing = 0;
		};
/* End PBXFrameworksBuildPhase section */

/* Begin PBXGroup section */
		8A54FBFB1A50560D007C02AC = {
			isa = PBXGroup;
			children = (
				8A54FC061A50560D007C02AC /* Project3 */,
				8A54FC1C1A50560D007C02AC /* Project3Tests */,
				8A54FC051A50560D007C02AC /* Products */,
			);
			sourceTree = "<group>";
		};
		8A54FC051A50560D007C02AC /* Products */ = {
			isa = PBXGroup;
			children = (
				8A54FC041A50560D007C02AC /* Project3.app */,
				8A54FC191A50560D007C02AC /* Project3Tests.xctest */,
			);
			name = Products;
			sourceTree = "<group>";
		};
		8A54FC061A50560D007C02AC /* Project3 */ = {
			isa = PBXGroup;
			children = (
				8A54FC091A50560D007C02AC /* AppDelegate.swift */,
				8A54FC0B1A50560D007C02AC /* ViewController.swift */,
				8A54FC0D1A50560D007C02AC /* Main.storyboard */,
				8A54FC101A50560D007C02AC /* Images.xcassets */,
				8A54FC121A50560D007C02AC /* LaunchScreen.xib */,
				8A54FC071A50560D007C02AC /* Supporting Files */,
			);
			path = Project3;
			sourceTree = "<group>";
		};
		8A54FC071A50560D007C02AC /* Supporting Files */ = {
			isa = PBXGroup;
			children = (
				8A54FC081A50560D007C02AC /* Info.plist */,
			);
			name = "Supporting Files";
			sourceTree = "<group>";
		};
		8A54FC1C1A50560D007C02AC /* Project3Tests */ = {
			isa = PBXGroup;
			children = (
				8A54FC1F1A50560D007C02AC /* Project3Tests.swift */,
				8A54FC1D1A50560D007C02AC /* Supporting Files */,
			);
			path = Project3Tests;
			sourceTree = "<group>";
		};
		8A54FC1D1A50560D007C02AC /* Supporting Files */ = {
			isa = PBXGroup;
			children = (
				8A54FC1E1A50560D007C02AC /* Info.plist */,
			);
			name = "Supporting Files";
			sourceTree = "<group>";
		};
/* End PBXGroup section */

/* Begin PBXNativeTarget section */
		8A54FC031A50560D007C02AC /* Project3 */ = {
			isa = PBXNativeTarget;
			buildConfigurationList = 8A54FC231A50560D007C02AC /* Build configuration list for PBXNativeTarget "Project3" */;
			buildPhases = (
				8A54FC001A50560D007C02AC /* Sources */,
				8A54FC011A50560D007C02AC /* Frameworks */,
				8A54FC021A50560D007C02AC /* Resources */,
			);
			buildRules = (
			);
			dependencies = (
			);
			name = Project3;
			productName = Project3;
			productReference = 8A54FC041A50560D007C02AC /* Project3.app */;
			productType = "com.apple.product-type.application";
		};
		8A54FC181A50560D007C02AC /* Project3Tests */ = {
			isa = PBXNativeTarget;
			buildConfigurationList = 8A54FC261A50560D007C02AC /* Build configuration list for PBXNativeTarget "Project3Tests" */;
			buildPhases = (
				8A54FC151A50560D007C02AC /* Sources */,
				8A54FC161A50560D007C02AC /* Frameworks */,
				8A54FC171A50560D007C02AC /* Resources */,
			);
			buildRules = (
			);
			dependencies = (
				8A54FC1B1A50560D007C02AC /* PBXTargetDependency */,
			);
			name = Project3Tests;
			productName = Project3Tests;
			productReference = 8A54FC191A50560D007C02AC /* Project3Tests.xctest */;
			productType = "com.apple.product-type.bundle.unit-test";
		};
/* End PBXNativeTarget section */

/* Begin PBXProject section */
		8A54FBFC1A50560D007C02AC /* Project object */ = {
			isa = PBXProject;
			attributes = {
				LastUpgradeCheck = 0610;
				ORGANIZATIONNAME = "Pui K Kwan";
				TargetAttributes = {
					8A54FC031A50560D007C02AC = {
						CreatedOnToolsVersion = 6.1.1;
					};
					8A54FC181A50560D007C02AC = {
						CreatedOnToolsVersion = 6.1.1;
						TestTargetID = 8A54FC031A50560D007C02AC;
					};
				};
			};
			buildConfigurationList = 8A54FBFF1A50560D007C02AC /* Build configuration list for PBXProject "Project3" */;
			compatibilityVersion = "Xcode 3.2";
			developmentRegion = English;
			hasScannedForEncodings = 0;
			knownRegions = (
				en,
				Base,
			);
			mainGroup = 8A54FBFB1A50560D007C02AC;
			productRefGroup = 8A54FC051A50560D007C02AC /* Products */;
			projectDirPath = "";
			projectRoot = "";
			targets = (
				8A54FC031A50560D007C02AC /* Project3 */,
				8A54FC181A50560D007C02AC /* Project3Tests */,
			);
		};
/* End PBXProject section */

/* Begin PBXResourcesBuildPhase section */
		8A54FC021A50560D007C02AC /* Resources */ = {
			isa = PBXResourcesBuildPhase;
			buildActionMask = 2147483647;
			files = (
				8A54FC0F1A50560D007C02AC /* Main.storyboard in Resources */,
				8A54FC141A50560D007C02AC /* LaunchScreen.xib in Resources */,
				8A54FC111A50560D007C02AC /* Images.xcassets in Resources */,
			);
			runOnlyForDeploymentPostprocessing = 0;
		};
		8A54FC171A50560D007C02AC /* Resources */ = {
			isa = PBXResourcesBuildPhase;
			buildActionMask = 2147483647;
			files = (
			);
			runOnlyForDeploymentPostprocessing = 0;
		};
/* End PBXResourcesBuildPhase section */

/* Begin PBXSourcesBuildPhase section */
		8A54FC001A50560D007C02AC /* Sources */ = {
			isa = PBXSourcesBuildPhase;
			buildActionMask = 2147483647;
			files = (
				8A54FC0C1A50560D007C02AC /* ViewController.swift in Sources */,
				8A54FC0A1A50560D007C02AC /* AppDelegate.swift in Sources */,
			);
			runOnlyForDeploymentPostprocessing = 0;
		};
		8A54FC151A50560D007C02AC /* Sources */ = {
			isa = PBXSourcesBuildPhase;
			buildActionMask = 2147483647;
			files = (
				8A54FC201A50560D007C02AC /* Project3Tests.swift in Sources */,
			);
			runOnlyForDeploymentPostprocessing = 0;
		};
/* End PBXSourcesBuildPhase section */

/* Begin PBXTargetDependency section */
		8A54FC1B1A50560D007C02AC /* PBXTargetDependency */ = {
			isa = PBXTargetDependency;
			target = 8A54FC031A50560D007C02AC /* Project3 */;
			targetProxy = 8A54FC1A1A50560D007C02AC /* PBXContainerItemProxy */;
		};
/* End PBXTargetDependency section */

/* Begin PBXVariantGroup section */
		8A54FC0D1A50560D007C02AC /* Main.storyboard */ = {
			isa = PBXVariantGroup;
			children = (
				8A54FC0E1A50560D007C02AC /* Base */,
			);
			name = Main.storyboard;
			sourceTree = "<group>";
		};
		8A54FC121A50560D007C02AC /* LaunchScreen.xib */ = {
			isa = PBXVariantGroup;
			children = (
				8A54FC131A50560D007C02AC /* Base */,
			);
			name = LaunchScreen.xib;
			sourceTree = "<group>";
		};
/* End PBXVariantGroup section */

/* Begin XCBuildConfiguration section */
		8A54FC211A50560D007C02AC /* Debug */ = {
			isa = XCBuildConfiguration;
			buildSettings = {
				ALWAYS_SEARCH_USER_PATHS = NO;
				CLANG_CXX_LANGUAGE_STANDARD = "gnu++0x";
				CLANG_CXX_LIBRARY = "libc++";
				CLANG_ENABLE_MODULES = YES;
				CLANG_ENABLE_OBJC_ARC = YES;
				CLANG_WARN_BOOL_CONVERSION = YES;
				CLANG_WARN_CONSTANT_CONVERSION = YES;
				CLANG_WARN_DIRECT_OBJC_ISA_USAGE = YES_ERROR;
				CLANG_WARN_EMPTY_BODY = YES;
				CLANG_WARN_ENUM_CONVERSION = YES;
				CLANG_WARN_INT_CONVERSION = YES;
				CLANG_WARN_OBJC_ROOT_CLASS = YES_ERROR;
				CLANG_WARN_UNREACHABLE_CODE = YES;
				CLANG_WARN__DUPLICATE_METHOD_MATCH = YES;
				"CODE_SIGN_IDENTITY[sdk=iphoneos*]" = "iPhone Developer";
				COPY_PHASE_STRIP = NO;
				ENABLE_STRICT_OBJC_MSGSEND = YES;
				GCC_C_LANGUAGE_STANDARD = gnu99;
				GCC_DYNAMIC_NO_PIC = NO;
				GCC_OPTIMIZATION_LEVEL = 0;
				GCC_PREPROCESSOR_DEFINITIONS = (
					"DEBUG=1",
					"$(inherited)",
				);
				GCC_SYMBOLS_PRIVATE_EXTERN = NO;
				GCC_WARN_64_TO_32_BIT_CONVERSION = YES;
				GCC_WARN_ABOUT_RETURN_TYPE = YES_ERROR;
				GCC_WARN_UNDECLARED_SELECTOR = YES;
				GCC_WARN_UNINITIALIZED_AUTOS = YES_AGGRESSIVE;
				GCC_WARN_UNUSED_FUNCTION = YES;
				GCC_WARN_UNUSED_VARIABLE = YES;
				IPHONEOS_DEPLOYMENT_TARGET = 8.1;
				MTL_ENABLE_DEBUG_INFO = YES;
				ONLY_ACTIVE_ARCH = YES;
				SDKROOT = iphoneos;
				SWIFT_OPTIMIZATION_LEVEL = "-Onone";
				TARGETED_DEVICE_FAMILY = "1,2";
			};
			name = Debug;
		};
		8A54FC221A50560D007C02AC /* Release */ = {
			isa = XCBuildConfiguration;
			buildSettings = {
				ALWAYS_SEARCH_USER_PATHS = NO;
				CLANG_CXX_LANGUAGE_STANDARD = "gnu++0x";
				CLANG_CXX_LIBRARY = "libc++";
				CLANG_ENABLE_MODULES = YES;
				CLANG_ENABLE_OBJC_ARC = YES;
				CLANG_WARN_BOOL_CONVERSION = YES;
				CLANG_WARN_CONSTANT_CONVERSION = YES;
				CLANG_WARN_DIRECT_OBJC_ISA_USAGE = YES_ERROR;
				CLANG_WARN_EMPTY_BODY = YES;
				CLANG_WARN_ENUM_CONVERSION = YES;
				CLANG_WARN_INT_CONVERSION = YES;
				CLANG_WARN_OBJC_ROOT_CLASS = YES_ERROR;
				CLANG_WARN_UNREACHABLE_CODE = YES;
				CLANG_WARN__DUPLICATE_METHOD_MATCH = YES;
				"CODE_SIGN_IDENTITY[sdk=iphoneos*]" = "iPhone Developer";
				COPY_PHASE_STRIP = YES;
				ENABLE_NS_ASSERTIONS = NO;
				ENABLE_STRICT_OBJC_MSGSEND = YES;
				GCC_C_LANGUAGE_STANDARD = gnu99;
				GCC_WARN_64_TO_32_BIT_CONVERSION = YES;
				GCC_WARN_ABOUT_RETURN_TYPE = YES_ERROR;
				GCC_WARN_UNDECLARED_SELECTOR = YES;
				GCC_WARN_UNINITIALIZED_AUTOS = YES_AGGRESSIVE;
				GCC_WARN_UNUSED_FUNCTION = YES;
				GCC_WARN_UNUSED_VARIABLE = YES;
				IPHONEOS_DEPLOYMENT_TARGET = 8.1;
				MTL_ENABLE_DEBUG_INFO = NO;
				SDKROOT = iphoneos;
				TARGETED_DEVICE_FAMILY = "1,2";
				VALIDATE_PRODUCT = YES;
			};
			name = Release;
		};
		8A54FC241A50560D007C02AC /* Debug */ = {
			isa = XCBuildConfiguration;
			buildSettings = {
				ASSETCATALOG_COMPILER_APPICON_NAME = AppIcon;
				INFOPLIST_FILE = Project3/Info.plist;
				LD_RUNPATH_SEARCH_PATHS = "$(inherited) @executable_path/Frameworks";
				PRODUCT_NAME = "$(TARGET_NAME)";
			};
			name = Debug;
		};
		8A54FC251A50560D007C02AC /* Release */ = {
			isa = XCBuildConfiguration;
			buildSettings = {
				ASSETCATALOG_COMPILER_APPICON_NAME = AppIcon;
				INFOPLIST_FILE = Project3/Info.plist;
				LD_RUNPATH_SEARCH_PATHS = "$(inherited) @executable_path/Frameworks";
				PRODUCT_NAME = "$(TARGET_NAME)";
			};
			name = Release;
		};
		8A54FC271A50560D007C02AC /* Debug */ = {
			isa = XCBuildConfiguration;
			buildSettings = {
				BUNDLE_LOADER = "$(TEST_HOST)";
				FRAMEWORK_SEARCH_PATHS = (
					"$(SDKROOT)/Developer/Library/Frameworks",
					"$(inherited)",
				);
				GCC_PREPROCESSOR_DEFINITIONS = (
					"DEBUG=1",
					"$(inherited)",
				);
				INFOPLIST_FILE = Project3Tests/Info.plist;
				LD_RUNPATH_SEARCH_PATHS = "$(inherited) @executable_path/Frameworks @loader_path/Frameworks";
				PRODUCT_NAME = "$(TARGET_NAME)";
				TEST_HOST = "$(BUILT_PRODUCTS_DIR)/Project3.app/Project3";
			};
			name = Debug;
		};
		8A54FC281A50560D007C02AC /* Release */ = {
			isa = XCBuildConfiguration;
			buildSettings = {
				BUNDLE_LOADER = "$(TEST_HOST)";
				FRAMEWORK_SEARCH_PATHS = (
					"$(SDKROOT)/Developer/Library/Frameworks",
					"$(inherited)",
				);
				INFOPLIST_FILE = Project3Tests/Info.plist;
				LD_RUNPATH_SEARCH_PATHS = "$(inherited) @executable_path/Frameworks @loader_path/Frameworks";
				PRODUCT_NAME = "$(TARGET_NAME)";
				TEST_HOST = "$(BUILT_PRODUCTS_DIR)/Project3.app/Project3";
			};
			name = Release;
		};
/* End XCBuildConfiguration section */

/* Begin XCConfigurationList section */
		8A54FBFF1A50560D007C02AC /* Build configuration list for PBXProject "Project3" */ = {
			isa = XCConfigurationList;
			buildConfigurations = (
				8A54FC211A50560D007C02AC /* Debug */,
				8A54FC221A50560D007C02AC /* Release */,
			);
			defaultConfigurationIsVisible = 0;
			defaultConfigurationName = Release;
		};
		8A54FC231A50560D007C02AC /* Build configuration list for PBXNativeTarget "Project3" */ = {
			isa = XCConfigurationList;
			buildConfigurations = (
				8A54FC241A50560D007C02AC /* Debug */,
				8A54FC251A50560D007C02AC /* Release */,
			);
			defaultConfigurationIsVisible = 0;
		};
		8A54FC261A50560D007C02AC /* Build configuration list for PBXNativeTarget "Project3Tests" */ = {
			isa = XCConfigurationList;
			buildConfigurations = (
				8A54FC271A50560D007C02AC /* Debug */,
				8A54FC281A50560D007C02AC /* Release */,
			);
			defaultConfigurationIsVisible = 0;
		};
/* End XCConfigurationList section */
	};
	rootObject = 8A54FBFC1A50560D007C02AC /* Project object */;
}
